
Microsoft Visual Studio Solution File, Format Version 12.00
# Visual Studio 15
VisualStudioVersion = 15.0.27004.2005
MinimumVisualStudioVersion = 10.0.40219.1
Project("{FAE04EC0-301F-11D3-BF4B-00C04F79EFBC}") = "Chapter2Program1", "Chapter2Program1\Chapter2Program1.csproj", "{FFCDB0C0-AE97-4EA5-8DB9-DE1D43551FC9}"
EndProject
Global
	GlobalSection(SolutionConfigurationPlatforms) = preSolution
		Debug|Any CPU = Debug|Any CPU
		Release|Any CPU = Release|Any CPU
	EndGlobalSection
	GlobalSection(ProjectConfigurationPlatforms) = postSolution
		{FFCDB0C0-AE97-4EA5-8DB9-DE1D43551FC9}.Debug|Any CPU.ActiveCfg = Debug|Any CPU
		{FFCDB0C0-AE97-4EA5-8DB9-DE1D43551FC9}.Debug|Any CPU.Build.0 = Debug|Any CPU
		{FFCDB0C0-AE97-4EA5-8DB9-DE1D43551FC9}.Release|Any CPU.ActiveCfg = Release|Any CPU
		{FFCDB0C0-AE97-4EA5-8DB9-DE1D43551FC9}.Release|Any CPU.Build.0 = Release|Any CPU
	EndGlobalSection
	GlobalSection(SolutionProperties) = preSolution
		HideSolutionNode = FALSE
	EndGlobalSection
	GlobalSection(ExtensibilityGlobals) = postSolution
		SolutionGuid = {2699B1DE-D013-415E-8EC1-DCAE07E9216D}
	EndGlobalSection
EndGlobal
