
Microsoft Visual Studio Solution File, Format Version 12.00
# Visual Studio 15
VisualStudioVersion = 15.0.27130.2010
MinimumVisualStudioVersion = 10.0.40219.1
Project("{FAE04EC0-301F-11D3-BF4B-00C04F79EFBC}") = "WhileIteration", "WhileIteration\WhileIteration.csproj", "{8EF5D68E-1661-45CD-8D4C-7C85EA5A1949}"
EndProject
Global
	GlobalSection(SolutionConfigurationPlatforms) = preSolution
		Debug|Any CPU = Debug|Any CPU
		Release|Any CPU = Release|Any CPU
	EndGlobalSection
	GlobalSection(ProjectConfigurationPlatforms) = postSolution
		{8EF5D68E-1661-45CD-8D4C-7C85EA5A1949}.Debug|Any CPU.ActiveCfg = Debug|Any CPU
		{8EF5D68E-1661-45CD-8D4C-7C85EA5A1949}.Debug|Any CPU.Build.0 = Debug|Any CPU
		{8EF5D68E-1661-45CD-8D4C-7C85EA5A1949}.Release|Any CPU.ActiveCfg = Release|Any CPU
		{8EF5D68E-1661-45CD-8D4C-7C85EA5A1949}.Release|Any CPU.Build.0 = Release|Any CPU
	EndGlobalSection
	GlobalSection(SolutionProperties) = preSolution
		HideSolutionNode = FALSE
	EndGlobalSection
	GlobalSection(ExtensibilityGlobals) = postSolution
		SolutionGuid = {43EE8925-B87F-4477-A58A-33107ED39154}
	EndGlobalSection
EndGlobal
